
Microsoft Visual Studio Solution File, Format Version 12.00
# Visual Studio 2013
VisualStudioVersion = 12.0.31101.0
MinimumVisualStudioVersion = 10.0.40219.1
Project("{FAE04EC0-301F-11D3-BF4B-00C04F79EFBC}") = "Template.BusinessLogic", "Template.BusinessLogic\Template.BusinessLogic.csproj", "{ACCF8060-17C5-4AAE-97E6-18341C6E304F}"
EndProject
Project("{FAE04EC0-301F-11D3-BF4B-00C04F79EFBC}") = "Template.Data", "Template.Data\Template.Data.csproj", "{A3438DAD-7658-408A-BBFB-7B65E51290E6}"
EndProject
Project("{FAE04EC0-301F-11D3-BF4B-00C04F79EFBC}") = "Template.Model", "Template.Model\Template.Model.csproj", "{56819E34-E0FF-4C2C-B6C2-263E420EE9CD}"
EndProject
Project("{FAE04EC0-301F-11D3-BF4B-00C04F79EFBC}") = "Template.Service", "Template.Service\Template.Service.csproj", "{89BAD9CB-A8A1-4659-9CD2-D108F44C2EE5}"
EndProject
Project("{FAE04EC0-301F-11D3-BF4B-00C04F79EFBC}") = "Template.MVC5", "Template.MVC5\Template.MVC5.csproj", "{8537617C-A352-4B0B-925B-F925409A6229}"
EndProject
Global
	GlobalSection(SolutionConfigurationPlatforms) = preSolution
		Debug|Any CPU = Debug|Any CPU
		Release|Any CPU = Release|Any CPU
	EndGlobalSection
	GlobalSection(ProjectConfigurationPlatforms) = postSolution
		{ACCF8060-17C5-4AAE-97E6-18341C6E304F}.Debug|Any CPU.ActiveCfg = Debug|Any CPU
		{ACCF8060-17C5-4AAE-97E6-18341C6E304F}.Debug|Any CPU.Build.0 = Debug|Any CPU
		{ACCF8060-17C5-4AAE-97E6-18341C6E304F}.Release|Any CPU.ActiveCfg = Release|Any CPU
		{ACCF8060-17C5-4AAE-97E6-18341C6E304F}.Release|Any CPU.Build.0 = Release|Any CPU
		{A3438DAD-7658-408A-BBFB-7B65E51290E6}.Debug|Any CPU.ActiveCfg = Debug|Any CPU
		{A3438DAD-7658-408A-BBFB-7B65E51290E6}.Debug|Any CPU.Build.0 = Debug|Any CPU
		{A3438DAD-7658-408A-BBFB-7B65E51290E6}.Release|Any CPU.ActiveCfg = Release|Any CPU
		{A3438DAD-7658-408A-BBFB-7B65E51290E6}.Release|Any CPU.Build.0 = Release|Any CPU
		{56819E34-E0FF-4C2C-B6C2-263E420EE9CD}.Debug|Any CPU.ActiveCfg = Debug|Any CPU
		{56819E34-E0FF-4C2C-B6C2-263E420EE9CD}.Debug|Any CPU.Build.0 = Debug|Any CPU
		{56819E34-E0FF-4C2C-B6C2-263E420EE9CD}.Release|Any CPU.ActiveCfg = Release|Any CPU
		{56819E34-E0FF-4C2C-B6C2-263E420EE9CD}.Release|Any CPU.Build.0 = Release|Any CPU
		{89BAD9CB-A8A1-4659-9CD2-D108F44C2EE5}.Debug|Any CPU.ActiveCfg = Debug|Any CPU
		{89BAD9CB-A8A1-4659-9CD2-D108F44C2EE5}.Debug|Any CPU.Build.0 = Debug|Any CPU
		{89BAD9CB-A8A1-4659-9CD2-D108F44C2EE5}.Release|Any CPU.ActiveCfg = Release|Any CPU
		{89BAD9CB-A8A1-4659-9CD2-D108F44C2EE5}.Release|Any CPU.Build.0 = Release|Any CPU
		{8537617C-A352-4B0B-925B-F925409A6229}.Debug|Any CPU.ActiveCfg = Debug|Any CPU
		{8537617C-A352-4B0B-925B-F925409A6229}.Debug|Any CPU.Build.0 = Debug|Any CPU
		{8537617C-A352-4B0B-925B-F925409A6229}.Release|Any CPU.ActiveCfg = Release|Any CPU
		{8537617C-A352-4B0B-925B-F925409A6229}.Release|Any CPU.Build.0 = Release|Any CPU
	EndGlobalSection
	GlobalSection(SolutionProperties) = preSolution
		HideSolutionNode = FALSE
	EndGlobalSection
EndGlobal
